
Microsoft Visual Studio Solution File, Format Version 12.00
# Visual Studio 14
VisualStudioVersion = 14.0.23107.0
MinimumVisualStudioVersion = 10.0.40219.1
Project("{FAE04EC0-301F-11D3-BF4B-00C04F79EFBC}") = "PruebaGit", "PruebaGit\PruebaGit.csproj", "{9C865EEB-4507-4D76-A753-D4253DE4B852}"
EndProject
Project("{FAE04EC0-301F-11D3-BF4B-00C04F79EFBC}") = "PruebaGit.Tests", "PruebaGit.Tests\PruebaGit.Tests.csproj", "{A04105EC-4A0A-4BCE-ACB4-86F44AECBC6F}"
EndProject
Global
	GlobalSection(SolutionConfigurationPlatforms) = preSolution
		Debug|Any CPU = Debug|Any CPU
		Release|Any CPU = Release|Any CPU
	EndGlobalSection
	GlobalSection(ProjectConfigurationPlatforms) = postSolution
		{9C865EEB-4507-4D76-A753-D4253DE4B852}.Debug|Any CPU.ActiveCfg = Debug|Any CPU
		{9C865EEB-4507-4D76-A753-D4253DE4B852}.Debug|Any CPU.Build.0 = Debug|Any CPU
		{9C865EEB-4507-4D76-A753-D4253DE4B852}.Release|Any CPU.ActiveCfg = Release|Any CPU
		{9C865EEB-4507-4D76-A753-D4253DE4B852}.Release|Any CPU.Build.0 = Release|Any CPU
		{A04105EC-4A0A-4BCE-ACB4-86F44AECBC6F}.Debug|Any CPU.ActiveCfg = Debug|Any CPU
		{A04105EC-4A0A-4BCE-ACB4-86F44AECBC6F}.Debug|Any CPU.Build.0 = Debug|Any CPU
		{A04105EC-4A0A-4BCE-ACB4-86F44AECBC6F}.Release|Any CPU.ActiveCfg = Release|Any CPU
		{A04105EC-4A0A-4BCE-ACB4-86F44AECBC6F}.Release|Any CPU.Build.0 = Release|Any CPU
	EndGlobalSection
	GlobalSection(SolutionProperties) = preSolution
		HideSolutionNode = FALSE
	EndGlobalSection
EndGlobal
